
Microsoft Visual Studio Solution File, Format Version 12.00
# Visual Studio Version 17
VisualStudioVersion = 17.4.33213.308
MinimumVisualStudioVersion = 10.0.40219.1
Project("{FAE04EC0-301F-11D3-BF4B-00C04F79EFBC}") = "ConsoleApp10", "ConsoleApp10.csproj", "{7A7D598A-C22E-4D50-9F31-C35AD3726ECF}"
EndProject
Global
	GlobalSection(SolutionConfigurationPlatforms) = preSolution
		Debug|Any CPU = Debug|Any CPU
		Release|Any CPU = Release|Any CPU
	EndGlobalSection
	GlobalSection(ProjectConfigurationPlatforms) = postSolution
		{7A7D598A-C22E-4D50-9F31-C35AD3726ECF}.Debug|Any CPU.ActiveCfg = Debug|Any CPU
		{7A7D598A-C22E-4D50-9F31-C35AD3726ECF}.Debug|Any CPU.Build.0 = Debug|Any CPU
		{7A7D598A-C22E-4D50-9F31-C35AD3726ECF}.Release|Any CPU.ActiveCfg = Release|Any CPU
		{7A7D598A-C22E-4D50-9F31-C35AD3726ECF}.Release|Any CPU.Build.0 = Release|Any CPU
	EndGlobalSection
	GlobalSection(SolutionProperties) = preSolution
		HideSolutionNode = FALSE
	EndGlobalSection
	GlobalSection(ExtensibilityGlobals) = postSolution
		SolutionGuid = {34CBE23E-D24C-4A78-8A4A-1468A5F42647}
	EndGlobalSection
EndGlobal
